PODS:
  - Then (2.4.0)
  - VerticalTree (0.1.0):
    - Then
    - VerticalTree/Core (= 0.1.0)
    - VerticalTree/PrettyText (= 0.1.0)
    - VerticalTree/UI (= 0.1.0)
  - VerticalTree/Core (0.1.0):
    - Then
  - VerticalTree/PrettyText (0.1.0):
    - Then
    - VerticalTree/Core
  - VerticalTree/UI (0.1.0):
    - Then
    - VerticalTree/Core

DEPENDENCIES:
  - VerticalTree (from `../`)

SPEC REPOS:
  https://github.com/cocoapods/specs.git:
    - Then

EXTERNAL SOURCES:
  VerticalTree:
    :path: "../"

SPEC CHECKSUMS:
  Then: 71866660c7af35a7343831f7668e7cd2b62ee0f2
  VerticalTree: 9550ff79a77343dabcbb0d99d2131188cf2496f9

PODFILE CHECKSUM: 856d40aff1f52f003cdf63ae1cfd15d34f92ef08

COCOAPODS: 1.5.3
