PODS:
  - VerticalTreeView (0.1.0):
    - VerticalTreeView/Core (= 0.1.0)
    - VerticalTreeView/Pretty (= 0.1.0)
    - VerticalTreeView/UI (= 0.1.0)
  - VerticalTreeView/Core (0.1.0)
  - VerticalTreeView/Pretty (0.1.0):
    - VerticalTreeView/Core
  - VerticalTreeView/UI (0.1.0):
    - VerticalTreeView/Core

DEPENDENCIES:
  - VerticalTreeView (from `../`)

EXTERNAL SOURCES:
  VerticalTreeView:
    :path: "../"

SPEC CHECKSUMS:
  VerticalTreeView: c6b6eb039f46badefda06713d3c2be2a31fa550d

PODFILE CHECKSUM: caecc8f9e6efd1c159f46e7a7439feee896d8553

COCOAPODS: 1.5.3
